
Microsoft Visual Studio Solution File, Format Version 12.00
# Visual Studio Version 17
VisualStudioVersion = 17.0.32112.339
MinimumVisualStudioVersion = 10.0.40219.1
Project("{FAE04EC0-301F-11D3-BF4B-00C04F79EFBC}") = "KZ_Week10_TurnBasedRPG", "KZ_Week10_TurnBasedRPG.csproj", "{5B3AAFC4-2779-462A-866C-E3E6B9BA9A9D}"
EndProject
Global
	GlobalSection(SolutionConfigurationPlatforms) = preSolution
		Debug|Any CPU = Debug|Any CPU
		Release|Any CPU = Release|Any CPU
	EndGlobalSection
	GlobalSection(ProjectConfigurationPlatforms) = postSolution
		{5B3AAFC4-2779-462A-866C-E3E6B9BA9A9D}.Debug|Any CPU.ActiveCfg = Debug|Any CPU
		{5B3AAFC4-2779-462A-866C-E3E6B9BA9A9D}.Debug|Any CPU.Build.0 = Debug|Any CPU
		{5B3AAFC4-2779-462A-866C-E3E6B9BA9A9D}.Release|Any CPU.ActiveCfg = Release|Any CPU
		{5B3AAFC4-2779-462A-866C-E3E6B9BA9A9D}.Release|Any CPU.Build.0 = Release|Any CPU
	EndGlobalSection
	GlobalSection(SolutionProperties) = preSolution
		HideSolutionNode = FALSE
	EndGlobalSection
	GlobalSection(ExtensibilityGlobals) = postSolution
		SolutionGuid = {C11E9667-05C1-46A5-9DBA-65C08CCE1CFA}
	EndGlobalSection
EndGlobal
